<Solution>
  <Project Path="EasySave3.csproj" />
  <Project Path="Assembly-CSharp.csproj" />
  <Project Path="ES_Logic.csproj" />
  <Project Path="Gaskellgames.csproj" />
  <Project Path="HybridCLR.Editor.csproj" />
  <Project Path="ES_Logic.Editor.csproj" />
  <Project Path="VFolders.csproj" />
  <Project Path="RootMotion.csproj" />
  <Project Path="ES_Stand.csproj" />
  <Project Path="ES_Design.csproj" />
  <Project Path="ES_Design.ConfigKey.Tests.csproj" />
  <Project Path="ES_Editor.csproj" />
  <Project Path="ES.MenuTree.Editor.Tests.csproj" />
  <Project Path="Assembly-CSharp-firstpass.csproj" />
  <Project Path="Luban.Runtime.csproj" />
  <Project Path="RootMotionEditor.csproj" />
  <Project Path="Gaskellgames.FolderSystem.csproj" />
  <Project Path="ES_Logic.UI.Tests.csproj" />
  <Project Path="ESFramework.AITest.Editor.csproj" />
  <Project Path="ESFramework.AITest.Runtime.csproj" />
  <Project Path="Assembly-CSharp-Editor.csproj" />
  <Project Path="DOTween.Modules.csproj" />
  <Project Path="ES_Logic.DynamicAtlas.Tests.csproj" />
  <Project Path="ES_Logic.Editor.Generation.Tests.csproj" />
  <Project Path="VHierarchy.csproj" />
  <Project Path="ES_Logic.DynamicAtlas.PlayMode.Tests.csproj" />
  <Project Path="Assembly-CSharp-Editor-firstpass.csproj" />
  <Project Path="ESFramework.AITest.Contracts.csproj" />
  <Project Path="Luban.Editor.csproj" />
  <Project Path="ES_Stand.ValueChange.Tests.csproj" />
  <Project Path="ES_Example_ESSearchDropdown.Editor.csproj" />
  <Project Path="KCC.csproj" />
  <Project Path="ES_Logic.Story.Tests.csproj" />
  <Project Path="ESInstaller.csproj" />
  <Project Path="ES.CompositeShader.Editor.Tests.csproj" />
  <Project Path="ES.ContentRegistration.Editor.Tests.csproj" />
  <Project Path="ES_Logic.World.Tests.csproj" />
  <Project Path="HybridCLR.Runtime.csproj" />
  <Project Path="KCC.Editor.csproj" />
  <Project Path="ES_Logic.Editor.World.Tests.csproj" />
  <Project Path="ES_Stand.Dialog.Tests.csproj" />
  <Project Path="AimingRig.csproj" />
  <Project Path="ES.CmdAgent.Editor.Tests.csproj" />
  <Project Path="ESPlayer.csproj" />
  <Project Path="ES_AITest.Runtime.Adapters.csproj" />
  <Project Path="ES.ContentRegistration.MCP.Editor.csproj" />
  <Project Path="Sirenix.OdinInspector.Modules.UnityMathematics.csproj" />
</Solution>
